{
    "version": 3,
    "terraform_version": "0.11.10",
    "serial": 8,
    "lineage": "fe1f7107-7ea2-5fd3-c6f5-d4b6aea34fff",
    "modules": [
        {
            "path": [
                "root"
            ],
            "outputs": {
                "google_redis_instance_host": {
                    "sensitive": false,
                    "type": "string",
                    "value": "10.0.0.3"
                }
            },
            "resources": {
                "google_container_cluster.primary": {
                    "type": "google_container_cluster",
                    "depends_on": [],
                    "primary": {
                        "id": "gke-sentish",
                        "attributes": {
                            "additional_zones.#": "0",
                            "addons_config.#": "1",
                            "addons_config.0.horizontal_pod_autoscaling.#": "0",
                            "addons_config.0.http_load_balancing.#": "0",
                            "addons_config.0.kubernetes_dashboard.#": "1",
                            "addons_config.0.kubernetes_dashboard.0.disabled": "true",
                            "addons_config.0.network_policy_config.#": "1",
                            "addons_config.0.network_policy_config.0.disabled": "true",
                            "cluster_autoscaling.#": "0",
                            "cluster_ipv4_cidr": "10.2.0.0/19",
                            "description": "",
                            "enable_binary_authorization": "false",
                            "enable_kubernetes_alpha": "false",
                            "enable_legacy_abac": "false",
                            "enable_tpu": "false",
                            "endpoint": "35.234.152.56",
                            "id": "gke-sentish",
                            "initial_node_count": "3",
                            "instance_group_urls.#": "1",
                            "instance_group_urls.0": "https://www.googleapis.com/compute/v1/projects/sentish/zones/europe-west2-a/instanceGroups/gke-gke-sentish-default-pool-523ff8fa-grp",
                            "ip_allocation_policy.#": "1",
                            "ip_allocation_policy.0.cluster_ipv4_cidr_block": "10.2.0.0/19",
                            "ip_allocation_policy.0.cluster_secondary_range_name": "gke-gke-sentish-pods-311b0294",
                            "ip_allocation_policy.0.create_subnetwork": "false",
                            "ip_allocation_policy.0.services_ipv4_cidr_block": "10.104.0.0/20",
                            "ip_allocation_policy.0.services_secondary_range_name": "gke-gke-sentish-services-311b0294",
                            "ip_allocation_policy.0.subnetwork_name": "",
                            "logging_service": "logging.googleapis.com",
                            "maintenance_policy.#": "0",
                            "master_auth.#": "1",
                            "master_auth.0.client_certificate": "LS0tLS1CRUdJTiBDRVJUSUZJQ0FURS0tLS0tCk1JSUMyakNDQWNLZ0F3SUJBZ0lRVkxTazR6cmIvcDVIYkkvZDZsUkJhakFOQmdrcWhraUc5dzBCQVFzRkFEQXYKTVMwd0t3WURWUVFERXlRMlpUUmhZV05sTmkxaU5XWTFMVFJpTkdJdFlXWXdZaTB3WlRBMU9EUmlZalEzWVdVdwpIaGNOTVRneE1qRTVNREExTnpFMFdoY05Nak14TWpFNE1EQTFOekUwV2pBUk1ROHdEUVlEVlFRREV3WmpiR2xsCmJuUXdnZ0VpTUEwR0NTcUdTSWIzRFFFQkFRVUFBNElCRHdBd2dnRUtBb0lCQVFER0VOekRPcUtuV0d6YTZOYVYKSk5xbXI0bTdzYjE0bFVBTXg3Zk9DREliODZwekxOZEZEM2hvUzZ1VmxHbkZ5NWlsTmtjNGdhZnZ1eVFkM09kRAp0dlg4YmpJUTczNW5hMWFPWHduYUlKMFQ2eHY1QlYvZ3E1bkQxMktDSUcwaFBscThvS2dOQWtoeG9ZYXM3TWs4ClgvcUhBVWQxamFGeXJhbFRSbG55TG9Cek12bnlsaFdXZG5XWWV4VlIxem9FVVNNYm15OXBsbG5ocTlKVXlCalMKeDhzVytlQktsZHpLNERKTlVZazhvVkZnbk0zaU5HRnhwMWNlcmkrdnNQR1BkYWV1a2JiMzR0dlF5dFNGV1VSVwp1VXNNZlphc0VLT2RLYzhKcnp4VzN6OGtad0RVTytxWDI2bVpQOE9KaHYvL2x5Q0RaS2lLM0FxNWNhWmVDSHRTCmNYYUxBZ01CQUFHakVEQU9NQXdHQTFVZEV3RUIvd1FDTUFBd0RRWUpLb1pJaHZjTkFRRUxCUUFEZ2dFQkFHeVUKMVArcTVpSUVaRjd1R0w2Z1NPZTQycUhvQWV0RGhPY0E5MmVWSG1MaDdwSjRwUnhXam55Q2llY2xIdWppRDdVKwowVXYrMSsyVGF6MTlTN0hzVlRYLzJ3djF0UGs4MG9LbEYxM3F5MW83RTFFVWc1bm1VMERLS0ZVQ2E0RXBOK0dQCk0vTWhiQzV2dWZHZDZTZ05wdlFnZyt3WG5talBTVE16Z1hVbW5VVk1qbEhOTnpHdnpLUFUxWlEwc0hLdWhNZzQKWjNLNnlydnQ1cWh0SUtHc0xGWGdST3RTQ25oNGt6OGlPdnI1ZStYZDVUL3YraUxRVkk2cmdGU2MyODBHRWlaMgpCN3FKRlNVeUVOcUNYZFcxcGw4Ym9TNkVhTURTenBhSlEvVmtCOUo2WnBGQXVnNU52QTdvR0o5YUNSVGtzdVNaCjN5MHBMUjBPQVZ3UXgzM0ZOTWs9Ci0tLS0tRU5EIENFUlRJRklDQVRFLS0tLS0K",
                            "master_auth.0.client_certificate_config.#": "0",
                            "master_auth.0.client_key": "LS0tLS1CRUdJTiBSU0EgUFJJVkFURSBLRVktLS0tLQpNSUlFb3dJQkFBS0NBUUVBeGhEY3d6cWlwMWhzMnVqV2xTVGFwcStKdTdHOWVKVkFETWUzemdneUcvT3FjeXpYClJROTRhRXVybFpScHhjdVlwVFpIT0lHbjc3c2tIZHpuUTdiMS9HNHlFTzkrWjJ0V2psOEoyaUNkRStzYitRVmYKNEt1Wnc5ZGlnaUJ0SVQ1YXZLQ29EUUpJY2FHR3JPekpQRi82aHdGSGRZMmhjcTJwVTBaWjhpNkFjekw1OHBZVgpsbloxbUhzVlVkYzZCRkVqRzVzdmFaWlo0YXZTVk1nWTBzZkxGdm5nU3BYY3l1QXlUVkdKUEtGUllKek40alJoCmNhZFhIcTR2cjdEeGozV25ycEcyOStMYjBNclVoVmxFVnJsTERIMldyQkNqblNuUENhODhWdDgvSkdjQTFEdnEKbDl1cG1UL0RpWWIvLzVjZ2cyU29pdHdLdVhHbVhnaDdVbkYyaXdJREFRQUJBb0lCQUE4QUxQQWVTejVZWEpveAp3enExZVZmaGVKRitFeWNFU3I4TkN6Y3YrTGVVTzBjUTBOYjZwbmhqcnNHYjVXemxFQkVITE5xek95aFZhSlZZCmF5MStPR0FmYW14TTd5cGUvMFcySGZWbXZlN0p3aXNZaEp2cjh5L1phcTBIVHF5VFgrVGtXQVh3TTlOalUrTloKNVozTWVSbHJkK0dIMGYvdzloK0g5dno0RjZOaHlWbW0rNVFpNnRUMFdrcDd0c09Xallhd01XVlh2SklqaDdPTgpCU1I1Qkh5R1BYWmJTdGp2VmdaUEJJYXZKdjd1bHVDbGZNWXU5WTVtL2lzdGpEVzRBRnB4dFRMVXJBZjU0R295CjFwRWcxemJuMlI2SnpxeTJRV05nZDJwRlhzR2VDTGhFVGxlbjZJUVJkMzhDNzQ3NUo0R3M3RHhSbjVOaXptdnYKTjVsNEhSVUNnWUVBNmFHOXA2R0hRL1drTFBSTUNRazFRaEdyOWtNWm1SL1EzMEZQMVl6UXZZWktITlFnaTVUUAovTnp1VFdFVUswVkNnMWZlMmpRWGhvQVNYdzZTLzFHdUgzUkVOTTBJUzZHSGdqalY5OGJGenVvRVRWdVQ3eXFjCk1YUnZ0Z3JzSEhlNGo2WWFUYldzdm13bzJadlJldzdhaVhxY01XcThsYXVGTTdwVndOWUFoTDhDZ1lFQTJRZG8KdW9xdjNBMHVRLy9oYWh5eDFQVWNyd0ExOFYvaFo2S0JmQ21ka2VIdkJkWXlhWGRaaHQ3d2o5MkhJWU1leUIzegorYlNxYW9GV0lhV3lOVzZJdStrRDJZL1NTdFVXRVplZSsySHpHeThVdkpnQWNqSkszdElKM3JaYytCS3ZUVENvClAyY3ZxRnduYWpucXQ0UU4wdkwrNGhVcmpxLzdyRHpzd0JLUnhUVUNnWUI5Z3k3b1I1YnJvNk8zb3ViV1UrUVEKd24ybnB4U3hkcTQzd2xhcFd5VXBMR1BVYVFHeSt4ZGh1UzhzMHVLSy9JSm5IV1hUdy9oL2dYNWRJdTlGeXhQSQpRaVlDVjhRRkhabzNFMkdmNDJHUmI1Y3dGK3E1cWlLUFR3WlV2amxxY2NidEpVY3NTRld0VjEzNnlnTVlJVHEyCmNQQklmQmNrTVNrMlNQeVl4Rjh5OFFLQmdBb3VBTW1QSzhTRWtjRDZ4WlgybHBqSWpubmU1cWpWdUhybDhuRGkKZXRPVzUyRTh0TXlobm45bkFaMmQ1SEs3OWJ1cFBBSmdhUVhwM3lKZzVVVUFWRVdNSG5RYi9OOHBzNGxMdFZkUgpOdGYxazJGdE44Z2pkOE9QMG9xeHZ4YWJ1Y0ZESVFFb1UrSHZ3S0dJNmV1RnRDaEs0WTIxTkgvUzNWa3MybVgvCitQcHBBb0dCQU1sZ2UycUdvbWY5K3BrdEpQOEdaNm9sNzFIOGFiNUEyTUVyUDk1SVVTZk8raG9jY2wyQW5GZ0oKSm0zamNtV0ZvMG5CWVljeTB5SmRTMmZrYWtxaHgxNFRoTTAvV3RncmtwQnY1Ym10V0JPRGFzTVNEY21PTGRWRgpMamFXaVdCeHBRclQ0dXdWMmROU0JiZjBVZkx6YzYvZzdyQ29hcCtVL2tWYnRWb2txTHV2Ci0tLS0tRU5EIFJTQSBQUklWQVRFIEtFWS0tLS0tCg==",
                            "master_auth.0.cluster_ca_certificate": "LS0tLS1CRUdJTiBDRVJUSUZJQ0FURS0tLS0tCk1JSURERENDQWZTZ0F3SUJBZ0lSQU5EWUt4SGdOaENFUEpOR3pmaDFEU3N3RFFZSktvWklodmNOQVFFTEJRQXcKTHpFdE1Dc0dBMVVFQXhNa05tVTBZV0ZqWlRZdFlqVm1OUzAwWWpSaUxXRm1NR0l0TUdVd05UZzBZbUkwTjJGbApNQjRYRFRFNE1USXhPREl6TlRjeE5Gb1hEVEl6TVRJeE9EQXdOVGN4TkZvd0x6RXRNQ3NHQTFVRUF4TWtObVUwCllXRmpaVFl0WWpWbU5TMDBZalJpTFdGbU1HSXRNR1V3TlRnMFltSTBOMkZsTUlJQklqQU5CZ2txaGtpRzl3MEIKQVFFRkFBT0NBUThBTUlJQkNnS0NBUUVBcVR6TERxMVZOQUt4d1A1SVVsSVE5MkYzbTdYbDhIOW50QjVFcXoxNgpseDA3NFFwN1EwS0g3N2VCRUFya3pFVDBmbEtRamk2aUZBWnNMWWR2aFVTbFM3STB6d2dFb0czY0hwVFhUSWZPClA4WjVNOElZWmhOdTcxWGg4SUJmSFp5R215SzM5R0lzeHZrR1Jua1p5RG05dGhSa3pJVmRNSldla1MzN2dQM1kKeFRTbE9TbytXcUFRVGgwK3RZNVlyczJiSFBPcTRHNS9OUjZFdnZWdjYzbGIrTGg2TGEvNStjTFRmNVJiSE96Uwo5RnpIcXFoVTErYWRWTy84Q2NmaHBTZFcrQmJ3b21YZjhHdEFsSXNkdEMxWC9NN3p1aDg0eWR0S1dwVGJFZnY3CkNxZHVaRHVRNFZYSHFCOXBYdTNzWDVPbGZJcllzeGlhV1FrUU1vZFovLy92WlFJREFRQUJveU13SVRBT0JnTlYKSFE4QkFmOEVCQU1DQWdRd0R3WURWUjBUQVFIL0JBVXdBd0VCL3pBTkJna3Foa2lHOXcwQkFRc0ZBQU9DQVFFQQpWNWF3U2diSWtLMFFndE9QaWxNL0ZRODg4MU5NQXpOWXUxeXJudG9uWE9lRXJwc2RKN1BTVTg4ME8zRGVpUVZGClA2N2JQQmJkNFRZTTg2SUJDWkZHU2E5NVQ4Rk9xOE9zQUpRVW5NQm83WmVJUzI1S2tucVJzL1YyQ3lwWFNZa3QKZ2pjNlN4MlhNaXZqNHZKSEp1Y2tuc295MTBUZ0I4ZGpBTW01RUFhc3o1bmFxQUxpNFJRUVREUDVWVk4vcHZuaQpTSDV2a1JTTHlnMklnODlSbDE1NkVjWjQzWitjVmc1OUw3SW9ma1hha1A3N052ckJCUjdqRHdjZTBFMWhReitYCkE3b3F3ZGpEL1VXWEIwcDNqb2QwL0k3RGN3YkIyZkZhVkpoaGZVUVUrdFFSVmIzZDMzMGxSR0xUZmIvemdycG0KcXBJTHd4cHBHY1Vjczg5dG9DREJWdz09Ci0tLS0tRU5EIENFUlRJRklDQVRFLS0tLS0K",
                            "master_auth.0.password": "3LLg5D3Eg3fby62s",
                            "master_auth.0.username": "admin",
                            "master_authorized_networks_config.#": "0",
                            "master_ipv4_cidr_block": "",
                            "master_version": "1.10.9-gke.5",
                            "monitoring_service": "monitoring.googleapis.com",
                            "name": "gke-sentish",
                            "network": "projects/sentish/global/networks/default",
                            "network_policy.#": "1",
                            "network_policy.0.enabled": "false",
                            "network_policy.0.provider": "PROVIDER_UNSPECIFIED",
                            "node_config.#": "1",
                            "node_config.0.disk_size_gb": "100",
                            "node_config.0.disk_type": "pd-standard",
                            "node_config.0.guest_accelerator.#": "0",
                            "node_config.0.image_type": "COS",
                            "node_config.0.labels.%": "0",
                            "node_config.0.local_ssd_count": "0",
                            "node_config.0.machine_type": "n1-standard-1",
                            "node_config.0.metadata.%": "0",
                            "node_config.0.min_cpu_platform": "",
                            "node_config.0.oauth_scopes.#": "6",
                            "node_config.0.oauth_scopes.1277378754": "https://www.googleapis.com/auth/monitoring",
                            "node_config.0.oauth_scopes.1632638332": "https://www.googleapis.com/auth/devstorage.read_only",
                            "node_config.0.oauth_scopes.172152165": "https://www.googleapis.com/auth/logging.write",
                            "node_config.0.oauth_scopes.316356861": "https://www.googleapis.com/auth/service.management.readonly",
                            "node_config.0.oauth_scopes.3663490875": "https://www.googleapis.com/auth/servicecontrol",
                            "node_config.0.oauth_scopes.3859019814": "https://www.googleapis.com/auth/trace.append",
                            "node_config.0.preemptible": "false",
                            "node_config.0.service_account": "default",
                            "node_config.0.tags.#": "0",
                            "node_config.0.taint.#": "0",
                            "node_config.0.workload_metadata_config.#": "0",
                            "node_pool.#": "1",
                            "node_pool.0.autoscaling.#": "0",
                            "node_pool.0.initial_node_count": "3",
                            "node_pool.0.instance_group_urls.#": "1",
                            "node_pool.0.instance_group_urls.0": "https://www.googleapis.com/compute/v1/projects/sentish/zones/europe-west2-a/instanceGroupManagers/gke-gke-sentish-default-pool-523ff8fa-grp",
                            "node_pool.0.management.#": "1",
                            "node_pool.0.management.0.auto_repair": "false",
                            "node_pool.0.management.0.auto_upgrade": "false",
                            "node_pool.0.max_pods_per_node": "110",
                            "node_pool.0.name": "default-pool",
                            "node_pool.0.name_prefix": "",
                            "node_pool.0.node_config.#": "1",
                            "node_pool.0.node_config.0.disk_size_gb": "100",
                            "node_pool.0.node_config.0.disk_type": "pd-standard",
                            "node_pool.0.node_config.0.guest_accelerator.#": "0",
                            "node_pool.0.node_config.0.image_type": "COS",
                            "node_pool.0.node_config.0.labels.%": "0",
                            "node_pool.0.node_config.0.local_ssd_count": "0",
                            "node_pool.0.node_config.0.machine_type": "n1-standard-1",
                            "node_pool.0.node_config.0.metadata.%": "0",
                            "node_pool.0.node_config.0.min_cpu_platform": "",
                            "node_pool.0.node_config.0.oauth_scopes.#": "6",
                            "node_pool.0.node_config.0.oauth_scopes.1277378754": "https://www.googleapis.com/auth/monitoring",
                            "node_pool.0.node_config.0.oauth_scopes.1632638332": "https://www.googleapis.com/auth/devstorage.read_only",
                            "node_pool.0.node_config.0.oauth_scopes.172152165": "https://www.googleapis.com/auth/logging.write",
                            "node_pool.0.node_config.0.oauth_scopes.316356861": "https://www.googleapis.com/auth/service.management.readonly",
                            "node_pool.0.node_config.0.oauth_scopes.3663490875": "https://www.googleapis.com/auth/servicecontrol",
                            "node_pool.0.node_config.0.oauth_scopes.3859019814": "https://www.googleapis.com/auth/trace.append",
                            "node_pool.0.node_config.0.preemptible": "false",
                            "node_pool.0.node_config.0.service_account": "default",
                            "node_pool.0.node_config.0.tags.#": "0",
                            "node_pool.0.node_config.0.taint.#": "0",
                            "node_pool.0.node_config.0.workload_metadata_config.#": "0",
                            "node_pool.0.node_count": "3",
                            "node_pool.0.version": "1.10.9-gke.5",
                            "node_version": "1.10.9-gke.5",
                            "pod_security_policy_config.#": "0",
                            "private_cluster": "false",
                            "private_cluster_config.#": "0",
                            "project": "sentish",
                            "resource_labels.%": "0",
                            "subnetwork": "projects/sentish/regions/europe-west2/subnetworks/default",
                            "zone": "europe-west2-a"
                        },
                        "meta": {
                            "e2bfb730-ecaa-11e6-8f88-34363bc7c4c0": {
                                "create": 1800000000000,
                                "delete": 1800000000000,
                                "update": 600000000000
                            },
                            "schema_version": "1"
                        },
                        "tainted": false
                    },
                    "deposed": [],
                    "provider": "provider.google"
                },
                "google_redis_instance.cache": {
                    "type": "google_redis_instance",
                    "depends_on": [],
                    "primary": {
                        "id": "sentish/europe-west2/sentish-redis",
                        "attributes": {
                            "alternative_location_id": "",
                            "authorized_network": "projects/sentish/global/networks/default",
                            "create_time": "2018-12-18T22:35:55.808908380Z",
                            "current_location_id": "europe-west2-a",
                            "display_name": "Sentish Redis Instance",
                            "host": "10.0.0.3",
                            "id": "sentish/europe-west2/sentish-redis",
                            "labels.%": "0",
                            "location_id": "europe-west2-a",
                            "memory_size_gb": "1",
                            "name": "sentish-redis",
                            "port": "6379",
                            "project": "sentish",
                            "redis_configs.%": "0",
                            "redis_version": "REDIS_3_2",
                            "reserved_ip_range": "10.0.0.0/29",
                            "tier": "BASIC"
                        },
                        "meta": {
                            "e2bfb730-ecaa-11e6-8f88-34363bc7c4c0": {
                                "create": 360000000000,
                                "delete": 360000000000,
                                "update": 360000000000
                            }
                        },
                        "tainted": false
                    },
                    "deposed": [],
                    "provider": "provider.google"
                },
                "google_sql_database.database": {
                    "type": "google_sql_database",
                    "depends_on": [
                        "google_sql_database_instance.master"
                    ],
                    "primary": {
                        "id": "sentish-master:sentish",
                        "attributes": {
                            "charset": "UTF8",
                            "collation": "en_US.UTF8",
                            "id": "sentish-master:sentish",
                            "instance": "sentish-master",
                            "name": "sentish",
                            "project": "sentish",
                            "self_link": "https://www.googleapis.com/sql/v1beta4/projects/sentish/instances/sentish-master/databases/sentish"
                        },
                        "meta": {
                            "e2bfb730-ecaa-11e6-8f88-34363bc7c4c0": {
                                "create": 900000000000,
                                "delete": 600000000000,
                                "update": 600000000000
                            }
                        },
                        "tainted": false
                    },
                    "deposed": [],
                    "provider": "provider.google"
                },
                "google_sql_database_instance.master": {
                    "type": "google_sql_database_instance",
                    "depends_on": [],
                    "primary": {
                        "id": "sentish-master",
                        "attributes": {
                            "connection_name": "sentish:europe-west2:sentish-master",
                            "database_version": "POSTGRES_9_6",
                            "first_ip_address": "35.246.68.169",
                            "id": "sentish-master",
                            "ip_address.#": "1",
                            "ip_address.0.ip_address": "35.246.68.169",
                            "ip_address.0.time_to_retire": "",
                            "master_instance_name": "",
                            "name": "sentish-master",
                            "project": "sentish",
                            "region": "europe-west2",
                            "replica_configuration.#": "0",
                            "self_link": "https://www.googleapis.com/sql/v1beta4/projects/sentish/instances/sentish-master",
                            "server_ca_cert.#": "1",
                            "server_ca_cert.0.cert": "-----BEGIN CERTIFICATE-----\nMIIDITCCAgmgAwIBAgIBADANBgkqhkiG9w0BAQsFADBIMSMwIQYDVQQDExpHb29n\nbGUgQ2xvdWQgU1FMIFNlcnZlciBDQTEUMBIGA1UEChMLR29vZ2xlLCBJbmMxCzAJ\nBgNVBAYTAlVTMB4XDTE4MTIxODIxMzMyMFoXDTI4MTIxNTIxMzQyMFowSDEjMCEG\nA1UEAxMaR29vZ2xlIENsb3VkIFNRTCBTZXJ2ZXIgQ0ExFDASBgNVBAoTC0dvb2ds\nZSwgSW5jMQswCQYDVQQGEwJVUzCCASIwDQYJKoZIhvcNAQEBBQADggEPADCCAQoC\nggEBAJ//jnb9JAzn15COXMASla4BS+szOcrzNTc7OI83IC+7Xge1Q5pTlyClErq6\n6x8GUIi2SGi1t3NcGSREx4n6BkH9ZpVL3+DnLA0iwAxzy9uh91zaB7M//7MwkNNW\nBgDqHqJsrzYxzTR8KqD7OmufNEF/lI+LjKPYoIQ7gAuJwN8nLetkyaem+rYIe3cO\nBUbUO/04yYGGrsiAGE7HXfR0+cUFj15QwP/t4C8cfh0bZExxkhd9k++/fFDl6c0C\ngszHxwBNB386UGRyr2BzGnFI9WJeh0lzbCRBMl3mSdyZnqFsneX2lG0ky0xyZS9e\ngDrVS0uC8CvTPCP6pWoGnCMi4xsCAwEAAaMWMBQwEgYDVR0TAQH/BAgwBgEB/wIB\nADANBgkqhkiG9w0BAQsFAAOCAQEAmLuZkWCU0bmVcN7fuOTPcQ9mo951us5Ts4yL\nQijn6+fmqik/bftus+Hl7HJmfUEwZNVjIsprXZNLTBFYEQr4guuU6rj1lsOoFOza\nGHEY389ECfrD0jFJ6VEyIoH+omk9k4eq3+8IGJ5Wh1cVtuYvMN9nff7gxsMLlzpB\nR6VjNLbUb7gpPNs15AknnSY97a5j7a1o47ydk5LMGsVFQdfi+ETxC0XQ0bBNuMwu\n9k3EWvZGrC36Q75RYElQKCYPqWoz0FmXoeHm0cHZ1FINdNR3Cba13Y9xjWKNXODs\naakFc96N/ZFLCbrq86lVMgNmkhkfUn7qfG0Px6biz49MLhZ2TQ==\n-----END CERTIFICATE-----",
                            "server_ca_cert.0.common_name": "C=US,O=Google\\, Inc,CN=Google Cloud SQL Server CA",
                            "server_ca_cert.0.create_time": "2018-12-18T21:33:20.043Z",
                            "server_ca_cert.0.expiration_time": "2028-12-15T21:34:20.043Z",
                            "server_ca_cert.0.sha1_fingerprint": "c6c6d228263d4e231c8e45a91a6bb58d2f771882",
                            "service_account_email_address": "pc2qwew7ibfwlolxhaix2r3hcy@speckle-umbrella-pg-9.iam.gserviceaccount.com",
                            "settings.#": "1",
                            "settings.0.activation_policy": "ALWAYS",
                            "settings.0.authorized_gae_applications.#": "0",
                            "settings.0.availability_type": "",
                            "settings.0.backup_configuration.#": "1",
                            "settings.0.backup_configuration.0.binary_log_enabled": "false",
                            "settings.0.backup_configuration.0.enabled": "false",
                            "settings.0.backup_configuration.0.start_time": "04:00",
                            "settings.0.crash_safe_replication": "false",
                            "settings.0.database_flags.#": "0",
                            "settings.0.disk_autoresize": "true",
                            "settings.0.disk_size": "10",
                            "settings.0.disk_type": "PD_SSD",
                            "settings.0.ip_configuration.#": "1",
                            "settings.0.ip_configuration.0.authorized_networks.#": "0",
                            "settings.0.ip_configuration.0.ipv4_enabled": "true",
                            "settings.0.ip_configuration.0.private_network": "",
                            "settings.0.ip_configuration.0.require_ssl": "false",
                            "settings.0.location_preference.#": "0",
                            "settings.0.maintenance_window.#": "0",
                            "settings.0.pricing_plan": "PER_USE",
                            "settings.0.replication_type": "SYNCHRONOUS",
                            "settings.0.tier": "db-f1-micro",
                            "settings.0.user_labels.%": "0",
                            "settings.0.version": "1"
                        },
                        "meta": {
                            "e2bfb730-ecaa-11e6-8f88-34363bc7c4c0": {
                                "create": 600000000000,
                                "delete": 600000000000,
                                "update": 600000000000
                            }
                        },
                        "tainted": false
                    },
                    "deposed": [],
                    "provider": "provider.google"
                }
            },
            "depends_on": []
        }
    ]
}
